Microsoft Visual Studio Solution File, Format Version 12.00
# Visual Studio Version 17
VisualStudioVersion = 17.5.2.0
MinimumVisualStudioVersion = 10.0.40219.1
Project("{FAE04EC0-301F-11D3-BF4B-00C04F79EFBC}") = "Dotnet_Console", "Dotnet_Console.csproj", "{130ED056-1938-1BE2-67EB-966645DDDF49}"
EndProject
Global
	GlobalSection(SolutionConfigurationPlatforms) = preSolution
		Debug|Any CPU = Debug|Any CPU
		Release|Any CPU = Release|Any CPU
	EndGlobalSection
	GlobalSection(ProjectConfigurationPlatforms) = postSolution
		{130ED056-1938-1BE2-67EB-966645DDDF49}.Debug|Any CPU.ActiveCfg = Debug|Any CPU
		{130ED056-1938-1BE2-67EB-966645DDDF49}.Debug|Any CPU.Build.0 = Debug|Any CPU
		{130ED056-1938-1BE2-67EB-966645DDDF49}.Release|Any CPU.ActiveCfg = Release|Any CPU
		{130ED056-1938-1BE2-67EB-966645DDDF49}.Release|Any CPU.Build.0 = Release|Any CPU
	EndGlobalSection
	GlobalSection(SolutionProperties) = preSolution
		HideSolutionNode = FALSE
	EndGlobalSection
	GlobalSection(ExtensibilityGlobals) = postSolution
		SolutionGuid = {DDE152BA-F53D-4855-AB3C-5D16BD71FAE5}
	EndGlobalSection
EndGlobal
